
Microsoft Visual Studio Solution File, Format Version 12.00
# Visual Studio 2013
VisualStudioVersion = 12.0.30110.0
MinimumVisualStudioVersion = 10.0.40219.1
Project("{FAE04EC0-301F-11D3-BF4B-00C04F79EFBC}") = "Krach", "Krach\Krach.csproj", "{A74C1F85-C24C-43A5-95C0-7200E3897DC0}"
EndProject
Project("{2150E333-8FDC-42A3-9474-1A3956D46DE8}") = ".nuget", ".nuget", "{DA641F56-969E-485A-A2F2-B9557C53BB2A}"
	ProjectSection(SolutionItems) = preProject
		.nuget\NuGet.Config = .nuget\NuGet.Config
		.nuget\NuGet.exe = .nuget\NuGet.exe
		.nuget\NuGet.targets = .nuget\NuGet.targets
	EndProjectSection
EndProject
Global
	GlobalSection(SolutionConfigurationPlatforms) = preSolution
		Debug|Any CPU = Debug|Any CPU
		Release|Any CPU = Release|Any CPU
	EndGlobalSection
	GlobalSection(ProjectConfigurationPlatforms) = postSolution
		{A74C1F85-C24C-43A5-95C0-7200E3897DC0}.Debug|Any CPU.ActiveCfg = Debug|Any CPU
		{A74C1F85-C24C-43A5-95C0-7200E3897DC0}.Debug|Any CPU.Build.0 = Debug|Any CPU
		{A74C1F85-C24C-43A5-95C0-7200E3897DC0}.Release|Any CPU.ActiveCfg = Release|Any CPU
		{A74C1F85-C24C-43A5-95C0-7200E3897DC0}.Release|Any CPU.Build.0 = Release|Any CPU
	EndGlobalSection
	GlobalSection(SolutionProperties) = preSolution
		HideSolutionNode = FALSE
	EndGlobalSection
EndGlobal
